// !$*UTF8*$!
{
	archiveVersion = 1;
	classes = {
	};
	objectVersion = 56;
	objects = {

/* Begin PBXBuildFile section */
		60809C792AEBE303001E8243 /* ContactListSUIApp.swift in Sources */ = {isa = PBXBuildFile; fileRef = 60809C782AEBE303001E8243 /* ContactListSUIApp.swift */; };
		60809C7B2AEBE303001E8243 /* ContentView.swift in Sources */ = {isa = PBXBuildFile; fileRef = 60809C7A2AEBE303001E8243 /* ContentView.swift */; };
		60809C7D2AEBE304001E8243 /* Assets.xcassets in Resources */ = {isa = PBXBuildFile; fileRef = 60809C7C2AEBE304001E8243 /* Assets.xcassets */; };
		60809C802AEBE304001E8243 /* Preview Assets.xcassets in Resources */ = {isa = PBXBuildFile; fileRef = 60809C7F2AEBE304001E8243 /* Preview Assets.xcassets */; };
		609ACDB02AECF6760039A3A5 /* Contact.swift in Sources */ = {isa = PBXBuildFile; fileRef = 609ACDAF2AECF6760039A3A5 /* Contact.swift */; };
		609ACDB32AECF6CC0039A3A5 /* DataStore.swift in Sources */ = {isa = PBXBuildFile; fileRef = 609ACDB22AECF6CC0039A3A5 /* DataStore.swift */; };
		609ACDB62AECF7860039A3A5 /* ContactListView.swift in Sources */ = {isa = PBXBuildFile; fileRef = 609ACDB52AECF7860039A3A5 /* ContactListView.swift */; };
		609ACDB82AECF7D40039A3A5 /* ContactDetailView.swift in Sources */ = {isa = PBXBuildFile; fileRef = 609ACDB72AECF7D40039A3A5 /* ContactDetailView.swift */; };
		609ACDBA2AECF8020039A3A5 /* ContactSectionView.swift in Sources */ = {isa = PBXBuildFile; fileRef = 609ACDB92AECF8020039A3A5 /* ContactSectionView.swift */; };
		609ACDBC2AED01AF0039A3A5 /* ContactRowView.swift in Sources */ = {isa = PBXBuildFile; fileRef = 609ACDBB2AED01AF0039A3A5 /* ContactRowView.swift */; };
/* End PBXBuildFile section */

/* Begin PBXFileReference section */
		60809C752AEBE303001E8243 /* ContactListSUI.app */ = {isa = PBXFileReference; explicitFileType = wrapper.application; includeInIndex = 0; path = ContactListSUI.app; sourceTree = BUILT_PRODUCTS_DIR; };
		60809C782AEBE303001E8243 /* ContactListSUIApp.swift */ = {isa = PBXFileReference; lastKnownFileType = sourcecode.swift; path = ContactListSUIApp.swift; sourceTree = "<group>"; };
		60809C7A2AEBE303001E8243 /* ContentView.swift */ = {isa = PBXFileReference; lastKnownFileType = sourcecode.swift; path = ContentView.swift; sourceTree = "<group>"; };
		60809C7C2AEBE304001E8243 /* Assets.xcassets */ = {isa = PBXFileReference; lastKnownFileType = folder.assetcatalog; path = Assets.xcassets; sourceTree = "<group>"; };
		60809C7F2AEBE304001E8243 /* Preview Assets.xcassets */ = {isa = PBXFileReference; lastKnownFileType = folder.assetcatalog; path = "Preview Assets.xcassets"; sourceTree = "<group>"; };
		609ACDAF2AECF6760039A3A5 /* Contact.swift */ = {isa = PBXFileReference; lastKnownFileType = sourcecode.swift; path = Contact.swift; sourceTree = "<group>"; };
		609ACDB22AECF6CC0039A3A5 /* DataStore.swift */ = {isa = PBXFileReference; lastKnownFileType = sourcecode.swift; path = DataStore.swift; sourceTree = "<group>"; };
		609ACDB52AECF7860039A3A5 /* ContactListView.swift */ = {isa = PBXFileReference; lastKnownFileType = sourcecode.swift; path = ContactListView.swift; sourceTree = "<group>"; };
		609ACDB72AECF7D40039A3A5 /* ContactDetailView.swift */ = {isa = PBXFileReference; lastKnownFileType = sourcecode.swift; path = ContactDetailView.swift; sourceTree = "<group>"; };
		609ACDB92AECF8020039A3A5 /* ContactSectionView.swift */ = {isa = PBXFileReference; lastKnownFileType = sourcecode.swift; path = ContactSectionView.swift; sourceTree = "<group>"; };
		609ACDBB2AED01AF0039A3A5 /* ContactRowView.swift */ = {isa = PBXFileReference; lastKnownFileType = sourcecode.swift; path = ContactRowView.swift; sourceTree = "<group>"; };
/* End PBXFileReference section */

/* Begin PBXFrameworksBuildPhase section */
		60809C722AEBE303001E8243 /* Frameworks */ = {
			isa = PBXFrameworksBuildPhase;
			buildActionMask = 2147483647;
			files = (
			);
			runOnlyForDeploymentPostprocessing = 0;
		};
/* End PBXFrameworksBuildPhase section */

/* Begin PBXGroup section */
		60809C6C2AEBE302001E8243 = {
			isa = PBXGroup;
			children = (
				60809C772AEBE303001E8243 /* ContactListSUI */,
				60809C762AEBE303001E8243 /* Products */,
			);
			sourceTree = "<group>";
		};
		60809C762AEBE303001E8243 /* Products */ = {
			isa = PBXGroup;
			children = (
				60809C752AEBE303001E8243 /* ContactListSUI.app */,
			);
			name = Products;
			sourceTree = "<group>";
		};
		60809C772AEBE303001E8243 /* ContactListSUI */ = {
			isa = PBXGroup;
			children = (
				609ACDB12AECF67B0039A3A5 /* Models */,
				609ACDB42AECF6E10039A3A5 /* Services */,
				60809C782AEBE303001E8243 /* ContactListSUIApp.swift */,
				60809C7A2AEBE303001E8243 /* ContentView.swift */,
				609ACDB52AECF7860039A3A5 /* ContactListView.swift */,
				609ACDBB2AED01AF0039A3A5 /* ContactRowView.swift */,
				609ACDB72AECF7D40039A3A5 /* ContactDetailView.swift */,
				609ACDB92AECF8020039A3A5 /* ContactSectionView.swift */,
				60809C7C2AEBE304001E8243 /* Assets.xcassets */,
				60809C7E2AEBE304001E8243 /* Preview Content */,
			);
			path = ContactListSUI;
			sourceTree = "<group>";
		};
		60809C7E2AEBE304001E8243 /* Preview Content */ = {
			isa = PBXGroup;
			children = (
				60809C7F2AEBE304001E8243 /* Preview Assets.xcassets */,
			);
			path = "Preview Content";
			sourceTree = "<group>";
		};
		609ACDB12AECF67B0039A3A5 /* Models */ = {
			isa = PBXGroup;
			children = (
				609ACDAF2AECF6760039A3A5 /* Contact.swift */,
			);
			name = Models;
			path = ..;
			sourceTree = "<group>";
		};
		609ACDB42AECF6E10039A3A5 /* Services */ = {
			isa = PBXGroup;
			children = (
				609ACDB22AECF6CC0039A3A5 /* DataStore.swift */,
			);
			path = Services;
			sourceTree = "<group>";
		};
/* End PBXGroup section */

/* Begin PBXNativeTarget section */
		60809C742AEBE303001E8243 /* ContactListSUI */ = {
			isa = PBXNativeTarget;
			buildConfigurationList = 60809C832AEBE304001E8243 /* Build configuration list for PBXNativeTarget "ContactListSUI" */;
			buildPhases = (
				60809C712AEBE303001E8243 /* Sources */,
				60809C722AEBE303001E8243 /* Frameworks */,
				60809C732AEBE303001E8243 /* Resources */,
			);
			buildRules = (
			);
			dependencies = (
			);
			name = ContactListSUI;
			productName = ContactListSUI;
			productReference = 60809C752AEBE303001E8243 /* ContactListSUI.app */;
			productType = "com.apple.product-type.application";
		};
/* End PBXNativeTarget section */

/* Begin PBXProject section */
		60809C6D2AEBE302001E8243 /* Project object */ = {
			isa = PBXProject;
			attributes = {
				BuildIndependentTargetsInParallel = 1;
				LastSwiftUpdateCheck = 1500;
				LastUpgradeCheck = 1500;
				TargetAttributes = {
					60809C742AEBE303001E8243 = {
						CreatedOnToolsVersion = 15.0;
					};
				};
			};
			buildConfigurationList = 60809C702AEBE302001E8243 /* Build configuration list for PBXProject "ContactListSUI" */;
			compatibilityVersion = "Xcode 14.0";
			developmentRegion = en;
			hasScannedForEncodings = 0;
			knownRegions = (
				en,
				Base,
			);
			mainGroup = 60809C6C2AEBE302001E8243;
			productRefGroup = 60809C762AEBE303001E8243 /* Products */;
			projectDirPath = "";
			projectRoot = "";
			targets = (
				60809C742AEBE303001E8243 /* ContactListSUI */,
			);
		};
/* End PBXProject section */

/* Begin PBXResourcesBuildPhase section */
		60809C732AEBE303001E8243 /* Resources */ = {
			isa = PBXResourcesBuildPhase;
			buildActionMask = 2147483647;
			files = (
				60809C802AEBE304001E8243 /* Preview Assets.xcassets in Resources */,
				60809C7D2AEBE304001E8243 /* Assets.xcassets in Resources */,
			);
			runOnlyForDeploymentPostprocessing = 0;
		};
/* End PBXResourcesBuildPhase section */

/* Begin PBXSourcesBuildPhase section */
		60809C712AEBE303001E8243 /* Sources */ = {
			isa = PBXSourcesBuildPhase;
			buildActionMask = 2147483647;
			files = (
				609ACDB82AECF7D40039A3A5 /* ContactDetailView.swift in Sources */,
				609ACDB62AECF7860039A3A5 /* ContactListView.swift in Sources */,
				609ACDBA2AECF8020039A3A5 /* ContactSectionView.swift in Sources */,
				609ACDB02AECF6760039A3A5 /* Contact.swift in Sources */,
				609ACDB32AECF6CC0039A3A5 /* DataStore.swift in Sources */,
				60809C7B2AEBE303001E8243 /* ContentView.swift in Sources */,
				609ACDBC2AED01AF0039A3A5 /* ContactRowView.swift in Sources */,
				60809C792AEBE303001E8243 /* ContactListSUIApp.swift in Sources */,
			);
			runOnlyForDeploymentPostprocessing = 0;
		};
/* End PBXSourcesBuildPhase section */

/* Begin XCBuildConfiguration section */
		60809C812AEBE304001E8243 /* Debug */ = {
			isa = XCBuildConfiguration;
			buildSettings = {
				ALWAYS_SEARCH_USER_PATHS = NO;
				ASSETCATALOG_COMPILER_GENERATE_SWIFT_ASSET_SYMBOL_EXTENSIONS = YES;
				CLANG_ANALYZER_NONNULL = YES;
				CLANG_ANALYZER_NUMBER_OBJECT_CONVERSION = YES_AGGRESSIVE;
				CLANG_CXX_LANGUAGE_STANDARD = "gnu++20";
				CLANG_ENABLE_MODULES = YES;
				CLANG_ENABLE_OBJC_ARC = YES;
				CLANG_ENABLE_OBJC_WEAK = YES;
				CLANG_WARN_BLOCK_CAPTURE_AUTORELEASING = YES;
				CLANG_WARN_BOOL_CONVERSION = YES;
				CLANG_WARN_COMMA = YES;
				CLANG_WARN_CONSTANT_CONVERSION = YES;
				CLANG_WARN_DEPRECATED_OBJC_IMPLEMENTATIONS = YES;
				CLANG_WARN_DIRECT_OBJC_ISA_USAGE = YES_ERROR;
				CLANG_WARN_DOCUMENTATION_COMMENTS = YES;
				CLANG_WARN_EMPTY_BODY = YES;
				CLANG_WARN_ENUM_CONVERSION = YES;
				CLANG_WARN_INFINITE_RECURSION = YES;
				CLANG_WARN_INT_CONVERSION = YES;
				CLANG_WARN_NON_LITERAL_NULL_CONVERSION = YES;
				CLANG_WARN_OBJC_IMPLICIT_RETAIN_SELF = YES;
				CLANG_WARN_OBJC_LITERAL_CONVERSION = YES;
				CLANG_WARN_OBJC_ROOT_CLASS = YES_ERROR;
				CLANG_WARN_QUOTED_INCLUDE_IN_FRAMEWORK_HEADER = YES;
				CLANG_WARN_RANGE_LOOP_ANALYSIS = YES;
				CLANG_WARN_STRICT_PROTOTYPES = YES;
				CLANG_WARN_SUSPICIOUS_MOVE = YES;
				CLANG_WARN_UNGUARDED_AVAILABILITY = YES_AGGRESSIVE;
				CLANG_WARN_UNREACHABLE_CODE = YES;
				CLANG_WARN__DUPLICATE_METHOD_MATCH = YES;
				COPY_PHASE_STRIP = NO;
				DEBUG_INFORMATION_FORMAT = dwarf;
				ENABLE_STRICT_OBJC_MSGSEND = YES;
				ENABLE_TESTABILITY = YES;
				ENABLE_USER_SCRIPT_SANDBOXING = YES;
				GCC_C_LANGUAGE_STANDARD = gnu17;
				GCC_DYNAMIC_NO_PIC = NO;
				GCC_NO_COMMON_BLOCKS = YES;
				GCC_OPTIMIZATION_LEVEL = 0;
				GCC_PREPROCESSOR_DEFINITIONS = (
					"DEBUG=1",
					"$(inherited)",
				);
				GCC_WARN_64_TO_32_BIT_CONVERSION = YES;
				GCC_WARN_ABOUT_RETURN_TYPE = YES_ERROR;
				GCC_WARN_UNDECLARED_SELECTOR = YES;
				GCC_WARN_UNINITIALIZED_AUTOS = YES_AGGRESSIVE;
				GCC_WARN_UNUSED_FUNCTION = YES;
				GCC_WARN_UNUSED_VARIABLE = YES;
				IPHONEOS_DEPLOYMENT_TARGET = 17.0;
				LOCALIZATION_PREFERS_STRING_CATALOGS = YES;
				MTL_ENABLE_DEBUG_INFO = INCLUDE_SOURCE;
				MTL_FAST_MATH = YES;
				ONLY_ACTIVE_ARCH = YES;
				SDKROOT = iphoneos;
				SWIFT_ACTIVE_COMPILATION_CONDITIONS = "DEBUG $(inherited)";
				SWIFT_OPTIMIZATION_LEVEL = "-Onone";
			};
			name = Debug;
		};
		60809C822AEBE304001E8243 /* Release */ = {
			isa = XCBuildConfiguration;
			buildSettings = {
				ALWAYS_SEARCH_USER_PATHS = NO;
				ASSETCATALOG_COMPILER_GENERATE_SWIFT_ASSET_SYMBOL_EXTENSIONS = YES;
				CLANG_ANALYZER_NONNULL = YES;
				CLANG_ANALYZER_NUMBER_OBJECT_CONVERSION = YES_AGGRESSIVE;
				CLANG_CXX_LANGUAGE_STANDARD = "gnu++20";
				CLANG_ENABLE_MODULES = YES;
				CLANG_ENABLE_OBJC_ARC = YES;
				CLANG_ENABLE_OBJC_WEAK = YES;
				CLANG_WARN_BLOCK_CAPTURE_AUTORELEASING = YES;
				CLANG_WARN_BOOL_CONVERSION = YES;
				CLANG_WARN_COMMA = YES;
				CLANG_WARN_CONSTANT_CONVERSION = YES;
				CLANG_WARN_DEPRECATED_OBJC_IMPLEMENTATIONS = YES;
				CLANG_WARN_DIRECT_OBJC_ISA_USAGE = YES_ERROR;
				CLANG_WARN_DOCUMENTATION_COMMENTS = YES;
				CLANG_WARN_EMPTY_BODY = YES;
				CLANG_WARN_ENUM_CONVERSION = YES;
				CLANG_WARN_INFINITE_RECURSION = YES;
				CLANG_WARN_INT_CONVERSION = YES;
				CLANG_WARN_NON_LITERAL_NULL_CONVERSION = YES;
				CLANG_WARN_OBJC_IMPLICIT_RETAIN_SELF = YES;
				CLANG_WARN_OBJC_LITERAL_CONVERSION = YES;
				CLANG_WARN_OBJC_ROOT_CLASS = YES_ERROR;
				CLANG_WARN_QUOTED_INCLUDE_IN_FRAMEWORK_HEADER = YES;
				CLANG_WARN_RANGE_LOOP_ANALYSIS = YES;
				CLANG_WARN_STRICT_PROTOTYPES = YES;
				CLANG_WARN_SUSPICIOUS_MOVE = YES;
				CLANG_WARN_UNGUARDED_AVAILABILITY = YES_AGGRESSIVE;
				CLANG_WARN_UNREACHABLE_CODE = YES;
				CLANG_WARN__DUPLICATE_METHOD_MATCH = YES;
				COPY_PHASE_STRIP = NO;
				DEBUG_INFORMATION_FORMAT = "dwarf-with-dsym";
				ENABLE_NS_ASSERTIONS = NO;
				ENABLE_STRICT_OBJC_MSGSEND = YES;
				ENABLE_USER_SCRIPT_SANDBOXING = YES;
				GCC_C_LANGUAGE_STANDARD = gnu17;
				GCC_NO_COMMON_BLOCKS = YES;
				GCC_WARN_64_TO_32_BIT_CONVERSION = YES;
				GCC_WARN_ABOUT_RETURN_TYPE = YES_ERROR;
				GCC_WARN_UNDECLARED_SELECTOR = YES;
				GCC_WARN_UNINITIALIZED_AUTOS = YES_AGGRESSIVE;
				GCC_WARN_UNUSED_FUNCTION = YES;
				GCC_WARN_UNUSED_VARIABLE = YES;
				IPHONEOS_DEPLOYMENT_TARGET = 17.0;
				LOCALIZATION_PREFERS_STRING_CATALOGS = YES;
				MTL_ENABLE_DEBUG_INFO = NO;
				MTL_FAST_MATH = YES;
				SDKROOT = iphoneos;
				SWIFT_COMPILATION_MODE = wholemodule;
				VALIDATE_PRODUCT = YES;
			};
			name = Release;
		};
		60809C842AEBE304001E8243 /* Debug */ = {
			isa = XCBuildConfiguration;
			buildSettings = {
				ASSETCATALOG_COMPILER_APPICON_NAME = AppIcon;
				ASSETCATALOG_COMPILER_GLOBAL_ACCENT_COLOR_NAME = AccentColor;
				CODE_SIGN_STYLE = Automatic;
				CURRENT_PROJECT_VERSION = 1;
				DEVELOPMENT_ASSET_PATHS = "\"ContactListSUI/Preview Content\"";
				DEVELOPMENT_TEAM = FVQZR7MUR6;
				ENABLE_PREVIEWS = YES;
				GENERATE_INFOPLIST_FILE = YES;
				INFOPLIST_KEY_UIApplicationSceneManifest_Generation = YES;
				INFOPLIST_KEY_UIApplicationSupportsIndirectInputEvents = YES;
				INFOPLIST_KEY_UILaunchScreen_Generation = YES;
				INFOPLIST_KEY_UISupportedInterfaceOrientations = UIInterfaceOrientationPortrait;
				INFOPLIST_KEY_UISupportedInterfaceOrientations_iPad = "UIInterfaceOrientationLandscapeLeft UIInterfaceOrientationLandscapeRight UIInterfaceOrientationPortrait UIInterfaceOrientationPortraitUpsideDown";
				LD_RUNPATH_SEARCH_PATHS = (
					"$(inherited)",
					"@executable_path/Frameworks",
				);
				MARKETING_VERSION = 1.0;
				PRODUCT_BUNDLE_IDENTIFIER = "Vydrin-S.V.ContactListSUI";
				PRODUCT_NAME = "$(TARGET_NAME)";
				SUPPORTED_PLATFORMS = "iphoneos iphonesimulator";
				SUPPORTS_MACCATALYST = NO;
				SUPPORTS_MAC_DESIGNED_FOR_IPHONE_IPAD = NO;
				SWIFT_EMIT_LOC_STRINGS = YES;
				SWIFT_VERSION = 5.0;
				TARGETED_DEVICE_FAMILY = 1;
			};
			name = Debug;
		};
		60809C852AEBE304001E8243 /* Release */ = {
			isa = XCBuildConfiguration;
			buildSettings = {
				ASSETCATALOG_COMPILER_APPICON_NAME = AppIcon;
				ASSETCATALOG_COMPILER_GLOBAL_ACCENT_COLOR_NAME = AccentColor;
				CODE_SIGN_STYLE = Automatic;
				CURRENT_PROJECT_VERSION = 1;
				DEVELOPMENT_ASSET_PATHS = "\"ContactListSUI/Preview Content\"";
				DEVELOPMENT_TEAM = FVQZR7MUR6;
				ENABLE_PREVIEWS = YES;
				GENERATE_INFOPLIST_FILE = YES;
				INFOPLIST_KEY_UIApplicationSceneManifest_Generation = YES;
				INFOPLIST_KEY_UIApplicationSupportsIndirectInputEvents = YES;
				INFOPLIST_KEY_UILaunchScreen_Generation = YES;
				INFOPLIST_KEY_UISupportedInterfaceOrientations = UIInterfaceOrientationPortrait;
				INFOPLIST_KEY_UISupportedInterfaceOrientations_iPad = "UIInterfaceOrientationLandscapeLeft UIInterfaceOrientationLandscapeRight UIInterfaceOrientationPortrait UIInterfaceOrientationPortraitUpsideDown";
				LD_RUNPATH_SEARCH_PATHS = (
					"$(inherited)",
					"@executable_path/Frameworks",
				);
				MARKETING_VERSION = 1.0;
				PRODUCT_BUNDLE_IDENTIFIER = "Vydrin-S.V.ContactListSUI";
				PRODUCT_NAME = "$(TARGET_NAME)";
				SUPPORTED_PLATFORMS = "iphoneos iphonesimulator";
				SUPPORTS_MACCATALYST = NO;
				SUPPORTS_MAC_DESIGNED_FOR_IPHONE_IPAD = NO;
				SWIFT_EMIT_LOC_STRINGS = YES;
				SWIFT_VERSION = 5.0;
				TARGETED_DEVICE_FAMILY = 1;
			};
			name = Release;
		};
/* End XCBuildConfiguration section */

/* Begin XCConfigurationList section */
		60809C702AEBE302001E8243 /* Build configuration list for PBXProject "ContactListSUI" */ = {
			isa = XCConfigurationList;
			buildConfigurations = (
				60809C812AEBE304001E8243 /* Debug */,
				60809C822AEBE304001E8243 /* Release */,
			);
			defaultConfigurationIsVisible = 0;
			defaultConfigurationName = Release;
		};
		60809C832AEBE304001E8243 /* Build configuration list for PBXNativeTarget "ContactListSUI" */ = {
			isa = XCConfigurationList;
			buildConfigurations = (
				60809C842AEBE304001E8243 /* Debug */,
				60809C852AEBE304001E8243 /* Release */,
			);
			defaultConfigurationIsVisible = 0;
			defaultConfigurationName = Release;
		};
/* End XCConfigurationList section */
	};
	rootObject = 60809C6D2AEBE302001E8243 /* Project object */;
}
